
Microsoft Visual Studio Solution File, Format Version 12.00
# Visual Studio Version 16
VisualStudioVersion = 16.0.31624.102
MinimumVisualStudioVersion = 10.0.40219.1
Project("{FAE04EC0-301F-11D3-BF4B-00C04F79EFBC}") = "Assignment_adv_net", "Assignment_adv_net\Assignment_adv_net.csproj", "{CD71CFFE-FB2E-4755-AA00-E6DBC957A2AA}"
EndProject
Project("{FAE04EC0-301F-11D3-BF4B-00C04F79EFBC}") = "DAL", "DAL\DAL.csproj", "{437DF0F5-6A17-4AB6-80FC-6CF36F4313A7}"
EndProject
Project("{FAE04EC0-301F-11D3-BF4B-00C04F79EFBC}") = "BLL", "BLL\BLL.csproj", "{442BF2B1-D88E-4077-BED2-AA5475F18D10}"
EndProject
Global
	GlobalSection(SolutionConfigurationPlatforms) = preSolution
		Debug|Any CPU = Debug|Any CPU
		Release|Any CPU = Release|Any CPU
	EndGlobalSection
	GlobalSection(ProjectConfigurationPlatforms) = postSolution
		{CD71CFFE-FB2E-4755-AA00-E6DBC957A2AA}.Debug|Any CPU.ActiveCfg = Debug|Any CPU
		{CD71CFFE-FB2E-4755-AA00-E6DBC957A2AA}.Debug|Any CPU.Build.0 = Debug|Any CPU
		{CD71CFFE-FB2E-4755-AA00-E6DBC957A2AA}.Release|Any CPU.ActiveCfg = Release|Any CPU
		{CD71CFFE-FB2E-4755-AA00-E6DBC957A2AA}.Release|Any CPU.Build.0 = Release|Any CPU
		{437DF0F5-6A17-4AB6-80FC-6CF36F4313A7}.Debug|Any CPU.ActiveCfg = Debug|Any CPU
		{437DF0F5-6A17-4AB6-80FC-6CF36F4313A7}.Debug|Any CPU.Build.0 = Debug|Any CPU
		{437DF0F5-6A17-4AB6-80FC-6CF36F4313A7}.Release|Any CPU.ActiveCfg = Release|Any CPU
		{437DF0F5-6A17-4AB6-80FC-6CF36F4313A7}.Release|Any CPU.Build.0 = Release|Any CPU
		{442BF2B1-D88E-4077-BED2-AA5475F18D10}.Debug|Any CPU.ActiveCfg = Debug|Any CPU
		{442BF2B1-D88E-4077-BED2-AA5475F18D10}.Debug|Any CPU.Build.0 = Debug|Any CPU
		{442BF2B1-D88E-4077-BED2-AA5475F18D10}.Release|Any CPU.ActiveCfg = Release|Any CPU
		{442BF2B1-D88E-4077-BED2-AA5475F18D10}.Release|Any CPU.Build.0 = Release|Any CPU
	EndGlobalSection
	GlobalSection(SolutionProperties) = preSolution
		HideSolutionNode = FALSE
	EndGlobalSection
	GlobalSection(ExtensibilityGlobals) = postSolution
		SolutionGuid = {6AB263EA-DA17-43C3-A4BA-80E0134AF00A}
	EndGlobalSection
EndGlobal
